# This file is automatically @generated by Cargo.
# It is not intended for manual editing.
version = 4

[[package]]
name = "seshat"
version = "0.1.0"

[[package]]
name = "seshat-common"
version = "0.1.0"

[[package]]
name = "seshat-protocol"
version = "0.1.0"

[[package]]
name = "seshat-raft"
version = "0.1.0"

[[package]]
name = "seshat-storage"
version = "0.1.0"
